
Microsoft Visual Studio Solution File, Format Version 12.00
# Visual Studio Version 16
VisualStudioVersion = 16.0.29411.108
MinimumVisualStudioVersion = 10.0.40219.1
Project("{FAE04EC0-301F-11D3-BF4B-00C04F79EFBC}") = "TransportAgencyWebAPI", "TransportAgencyWebAPI.csproj", "{F99C19A6-BF1E-49B0-A920-3B01B3501551}"
EndProject
Global
	GlobalSection(SolutionConfigurationPlatforms) = preSolution
		Debug|Any CPU = Debug|Any CPU
		Release|Any CPU = Release|Any CPU
	EndGlobalSection
	GlobalSection(ProjectConfigurationPlatforms) = postSolution
		{F99C19A6-BF1E-49B0-A920-3B01B3501551}.Debug|Any CPU.ActiveCfg = Debug|Any CPU
		{F99C19A6-BF1E-49B0-A920-3B01B3501551}.Debug|Any CPU.Build.0 = Debug|Any CPU
		{F99C19A6-BF1E-49B0-A920-3B01B3501551}.Release|Any CPU.ActiveCfg = Release|Any CPU
		{F99C19A6-BF1E-49B0-A920-3B01B3501551}.Release|Any CPU.Build.0 = Release|Any CPU
	EndGlobalSection
	GlobalSection(SolutionProperties) = preSolution
		HideSolutionNode = FALSE
	EndGlobalSection
	GlobalSection(ExtensibilityGlobals) = postSolution
		SolutionGuid = {CB55F4A1-040A-4BE6-A145-04281C6B9F76}
	EndGlobalSection
EndGlobal
